// !$*UTF8*$!
{
	archiveVersion = 1;
	classes = {
	};
	objectVersion = 50;
	objects = {

/* Begin PBXBuildFile section */
		540E37E62806FD2C97493496 /* Pods_ToDoApp.framework in Frameworks */ = {isa = PBXBuildFile; fileRef = BE14D9F84B66FFD24C1E8EAB /* Pods_ToDoApp.framework */; };
		840669D7214FCE3800903798 /* Category.swift in Sources */ = {isa = PBXBuildFile; fileRef = 840669D6214FCE3800903798 /* Category.swift */; };
		840669D9214FD16D00903798 /* Item.swift in Sources */ = {isa = PBXBuildFile; fileRef = 840669D8214FD16D00903798 /* Item.swift */; };
		841D1D2E21529B5200A16D00 /* SwipeTableViewController.swift in Sources */ = {isa = PBXBuildFile; fileRef = 841D1D2D21529B5100A16D00 /* SwipeTableViewController.swift */; };
		8430EF3A214E6B9C00F33EF8 /* CategoryViewController.swift in Sources */ = {isa = PBXBuildFile; fileRef = 8430EF39214E6B9B00F33EF8 /* CategoryViewController.swift */; };
		8441C1EB214406FF00EBB167 /* AppDelegate.swift in Sources */ = {isa = PBXBuildFile; fileRef = 8441C1EA214406FF00EBB167 /* AppDelegate.swift */; };
		8441C1ED214406FF00EBB167 /* ToDoViewController.swift in Sources */ = {isa = PBXBuildFile; fileRef = 8441C1EC214406FF00EBB167 /* ToDoViewController.swift */; };
		8441C1F0214406FF00EBB167 /* Main.storyboard in Resources */ = {isa = PBXBuildFile; fileRef = 8441C1EE214406FF00EBB167 /* Main.storyboard */; };
		8441C1F22144072200EBB167 /* Assets.xcassets in Resources */ = {isa = PBXBuildFile; fileRef = 8441C1F12144072200EBB167 /* Assets.xcassets */; };
		8441C1F52144072200EBB167 /* LaunchScreen.storyboard in Resources */ = {isa = PBXBuildFile; fileRef = 8441C1F32144072200EBB167 /* LaunchScreen.storyboard */; };
/* End PBXBuildFile section */

/* Begin PBXFileReference section */
		840669D6214FCE3800903798 /* Category.swift */ = {isa = PBXFileReference; lastKnownFileType = sourcecode.swift; path = Category.swift; sourceTree = "<group>"; };
		840669D8214FD16D00903798 /* Item.swift */ = {isa = PBXFileReference; lastKnownFileType = sourcecode.swift; path = Item.swift; sourceTree = "<group>"; };
		841D1D2D21529B5100A16D00 /* SwipeTableViewController.swift */ = {isa = PBXFileReference; lastKnownFileType = sourcecode.swift; path = SwipeTableViewController.swift; sourceTree = "<group>"; };
		8430EF39214E6B9B00F33EF8 /* CategoryViewController.swift */ = {isa = PBXFileReference; lastKnownFileType = sourcecode.swift; path = CategoryViewController.swift; sourceTree = "<group>"; };
		8441C1E7214406FF00EBB167 /* ToDoApp.app */ = {isa = PBXFileReference; explicitFileType = wrapper.application; includeInIndex = 0; path = ToDoApp.app; sourceTree = BUILT_PRODUCTS_DIR; };
		8441C1EA214406FF00EBB167 /* AppDelegate.swift */ = {isa = PBXFileReference; lastKnownFileType = sourcecode.swift; path = AppDelegate.swift; sourceTree = "<group>"; };
		8441C1EC214406FF00EBB167 /* ToDoViewController.swift */ = {isa = PBXFileReference; lastKnownFileType = sourcecode.swift; path = ToDoViewController.swift; sourceTree = "<group>"; };
		8441C1EF214406FF00EBB167 /* Base */ = {isa = PBXFileReference; lastKnownFileType = file.storyboard; name = Base; path = Base.lproj/Main.storyboard; sourceTree = "<group>"; };
		8441C1F12144072200EBB167 /* Assets.xcassets */ = {isa = PBXFileReference; lastKnownFileType = folder.assetcatalog; path = Assets.xcassets; sourceTree = "<group>"; };
		8441C1F42144072200EBB167 /* Base */ = {isa = PBXFileReference; lastKnownFileType = file.storyboard; name = Base; path = Base.lproj/LaunchScreen.storyboard; sourceTree = "<group>"; };
		8441C1F62144072200EBB167 /* Info.plist */ = {isa = PBXFileReference; lastKnownFileType = text.plist.xml; path = Info.plist; sourceTree = "<group>"; };
		8BA6326DA4DE7DFB880F24B2 /* Pods-ToDoApp.debug.xcconfig */ = {isa = PBXFileReference; includeInIndex = 1; lastKnownFileType = text.xcconfig; name = "Pods-ToDoApp.debug.xcconfig"; path = "Pods/Target Support Files/Pods-ToDoApp/Pods-ToDoApp.debug.xcconfig"; sourceTree = "<group>"; };
		BE14D9F84B66FFD24C1E8EAB /* Pods_ToDoApp.framework */ = {isa = PBXFileReference; explicitFileType = wrapper.framework; includeInIndex = 0; path = Pods_ToDoApp.framework; sourceTree = BUILT_PRODUCTS_DIR; };
		EF8A237B21ABFA09C73EB0D5 /* Pods-ToDoApp.release.xcconfig */ = {isa = PBXFileReference; includeInIndex = 1; lastKnownFileType = text.xcconfig; name = "Pods-ToDoApp.release.xcconfig"; path = "Pods/Target Support Files/Pods-ToDoApp/Pods-ToDoApp.release.xcconfig"; sourceTree = "<group>"; };
/* End PBXFileReference section */

/* Begin PBXFrameworksBuildPhase section */
		8441C1E4214406FE00EBB167 /* Frameworks */ = {
			isa = PBXFrameworksBuildPhase;
			buildActionMask = 2147483647;
			files = (
				540E37E62806FD2C97493496 /* Pods_ToDoApp.framework in Frameworks */,
			);
			runOnlyForDeploymentPostprocessing = 0;
		};
/* End PBXFrameworksBuildPhase section */

/* Begin PBXGroup section */
		82CB6EFAD82850747FCD40D8 /* Frameworks */ = {
			isa = PBXGroup;
			children = (
				BE14D9F84B66FFD24C1E8EAB /* Pods_ToDoApp.framework */,
			);
			name = Frameworks;
			sourceTree = "<group>";
		};
		8441C1DE214406FE00EBB167 = {
			isa = PBXGroup;
			children = (
				8441C1E9214406FF00EBB167 /* ToDoApp */,
				8441C1E8214406FF00EBB167 /* Products */,
				896AE57BABADC7EA0E9F071B /* Pods */,
				82CB6EFAD82850747FCD40D8 /* Frameworks */,
			);
			sourceTree = "<group>";
		};
		8441C1E8214406FF00EBB167 /* Products */ = {
			isa = PBXGroup;
			children = (
				8441C1E7214406FF00EBB167 /* ToDoApp.app */,
			);
			name = Products;
			sourceTree = "<group>";
		};
		8441C1E9214406FF00EBB167 /* ToDoApp */ = {
			isa = PBXGroup;
			children = (
				8441C1F62144072200EBB167 /* Info.plist */,
				8441C1EA214406FF00EBB167 /* AppDelegate.swift */,
				84639A812147AFD4007C1476 /* controller */,
				84639A852147B0D1007C1476 /* view */,
				84639A862147B0DC007C1476 /* supporting files */,
				84639A892147B152007C1476 /* model */,
			);
			path = ToDoApp;
			sourceTree = "<group>";
		};
		84639A812147AFD4007C1476 /* controller */ = {
			isa = PBXGroup;
			children = (
				8441C1EC214406FF00EBB167 /* ToDoViewController.swift */,
				8430EF39214E6B9B00F33EF8 /* CategoryViewController.swift */,
				841D1D2D21529B5100A16D00 /* SwipeTableViewController.swift */,
			);
			path = controller;
			sourceTree = "<group>";
		};
		84639A852147B0D1007C1476 /* view */ = {
			isa = PBXGroup;
			children = (
				8441C1EE214406FF00EBB167 /* Main.storyboard */,
			);
			path = view;
			sourceTree = "<group>";
		};
		84639A862147B0DC007C1476 /* supporting files */ = {
			isa = PBXGroup;
			children = (
				8441C1F12144072200EBB167 /* Assets.xcassets */,
				8441C1F32144072200EBB167 /* LaunchScreen.storyboard */,
			);
			path = "supporting files";
			sourceTree = "<group>";
		};
		84639A892147B152007C1476 /* model */ = {
			isa = PBXGroup;
			children = (
				840669D6214FCE3800903798 /* Category.swift */,
				840669D8214FD16D00903798 /* Item.swift */,
			);
			path = model;
			sourceTree = "<group>";
		};
		896AE57BABADC7EA0E9F071B /* Pods */ = {
			isa = PBXGroup;
			children = (
				8BA6326DA4DE7DFB880F24B2 /* Pods-ToDoApp.debug.xcconfig */,
				EF8A237B21ABFA09C73EB0D5 /* Pods-ToDoApp.release.xcconfig */,
			);
			name = Pods;
			sourceTree = "<group>";
		};
/* End PBXGroup section */

/* Begin PBXNativeTarget section */
		8441C1E6214406FE00EBB167 /* ToDoApp */ = {
			isa = PBXNativeTarget;
			buildConfigurationList = 8441C1F92144072200EBB167 /* Build configuration list for PBXNativeTarget "ToDoApp" */;
			buildPhases = (
				5028FAC02930889F7852EBEC /* [CP] Check Pods Manifest.lock */,
				8441C1E3214406FE00EBB167 /* Sources */,
				8441C1E4214406FE00EBB167 /* Frameworks */,
				8441C1E5214406FE00EBB167 /* Resources */,
				87C8EA5F77A871EE7148A836 /* [CP] Embed Pods Frameworks */,
			);
			buildRules = (
			);
			dependencies = (
			);
			name = ToDoApp;
			productName = ToDoApp;
			productReference = 8441C1E7214406FF00EBB167 /* ToDoApp.app */;
			productType = "com.apple.product-type.application";
		};
/* End PBXNativeTarget section */

/* Begin PBXProject section */
		8441C1DF214406FE00EBB167 /* Project object */ = {
			isa = PBXProject;
			attributes = {
				LastSwiftUpdateCheck = 1000;
				LastUpgradeCheck = 1000;
				ORGANIZATIONNAME = ronyquail;
				TargetAttributes = {
					8441C1E6214406FE00EBB167 = {
						CreatedOnToolsVersion = 10.0;
					};
				};
			};
			buildConfigurationList = 8441C1E2214406FE00EBB167 /* Build configuration list for PBXProject "ToDoApp" */;
			compatibilityVersion = "Xcode 9.3";
			developmentRegion = en;
			hasScannedForEncodings = 0;
			knownRegions = (
				en,
				Base,
			);
			mainGroup = 8441C1DE214406FE00EBB167;
			productRefGroup = 8441C1E8214406FF00EBB167 /* Products */;
			projectDirPath = "";
			projectRoot = "";
			targets = (
				8441C1E6214406FE00EBB167 /* ToDoApp */,
			);
		};
/* End PBXProject section */

/* Begin PBXResourcesBuildPhase section */
		8441C1E5214406FE00EBB167 /* Resources */ = {
			isa = PBXResourcesBuildPhase;
			buildActionMask = 2147483647;
			files = (
				8441C1F52144072200EBB167 /* LaunchScreen.storyboard in Resources */,
				8441C1F22144072200EBB167 /* Assets.xcassets in Resources */,
				8441C1F0214406FF00EBB167 /* Main.storyboard in Resources */,
			);
			runOnlyForDeploymentPostprocessing = 0;
		};
/* End PBXResourcesBuildPhase section */

/* Begin PBXShellScriptBuildPhase section */
		5028FAC02930889F7852EBEC /* [CP] Check Pods Manifest.lock */ = {
			isa = PBXShellScriptBuildPhase;
			buildActionMask = 2147483647;
			files = (
			);
			inputFileListPaths = (
			);
			inputPaths = (
				"${PODS_PODFILE_DIR_PATH}/Podfile.lock",
				"${PODS_ROOT}/Manifest.lock",
			);
			name = "[CP] Check Pods Manifest.lock";
			outputFileListPaths = (
			);
			outputPaths = (
				"$(DERIVED_FILE_DIR)/Pods-ToDoApp-checkManifestLockResult.txt",
			);
			runOnlyForDeploymentPostprocessing = 0;
			shellPath = /bin/sh;
			shellScript = "diff \"${PODS_PODFILE_DIR_PATH}/Podfile.lock\" \"${PODS_ROOT}/Manifest.lock\" > /dev/null\nif [ $? != 0 ] ; then\n    # print error to STDERR\n    echo \"error: The sandbox is not in sync with the Podfile.lock. Run 'pod install' or update your CocoaPods installation.\" >&2\n    exit 1\nfi\n# This output is used by Xcode 'outputs' to avoid re-running this script phase.\necho \"SUCCESS\" > \"${SCRIPT_OUTPUT_FILE_0}\"\n";
			showEnvVarsInLog = 0;
		};
		87C8EA5F77A871EE7148A836 /* [CP] Embed Pods Frameworks */ = {
			isa = PBXShellScriptBuildPhase;
			buildActionMask = 2147483647;
			files = (
			);
			inputFileListPaths = (
			);
			inputPaths = (
				"${SRCROOT}/Pods/Target Support Files/Pods-ToDoApp/Pods-ToDoApp-frameworks.sh",
				"${BUILT_PRODUCTS_DIR}/ChameleonFramework/ChameleonFramework.framework",
				"${BUILT_PRODUCTS_DIR}/Realm/Realm.framework",
				"${BUILT_PRODUCTS_DIR}/RealmSwift/RealmSwift.framework",
				"${BUILT_PRODUCTS_DIR}/SwipeCellKit/SwipeCellKit.framework",
			);
			name = "[CP] Embed Pods Frameworks";
			outputFileListPaths = (
			);
			outputPaths = (
				"${TARGET_BUILD_DIR}/${FRAMEWORKS_FOLDER_PATH}/ChameleonFramework.framework",
				"${TARGET_BUILD_DIR}/${FRAMEWORKS_FOLDER_PATH}/Realm.framework",
				"${TARGET_BUILD_DIR}/${FRAMEWORKS_FOLDER_PATH}/RealmSwift.framework",
				"${TARGET_BUILD_DIR}/${FRAMEWORKS_FOLDER_PATH}/SwipeCellKit.framework",
			);
			runOnlyForDeploymentPostprocessing = 0;
			shellPath = /bin/sh;
			shellScript = "\"${SRCROOT}/Pods/Target Support Files/Pods-ToDoApp/Pods-ToDoApp-frameworks.sh\"\n";
			showEnvVarsInLog = 0;
		};
/* End PBXShellScriptBuildPhase section */

/* Begin PBXSourcesBuildPhase section */
		8441C1E3214406FE00EBB167 /* Sources */ = {
			isa = PBXSourcesBuildPhase;
			buildActionMask = 2147483647;
			files = (
				8430EF3A214E6B9C00F33EF8 /* CategoryViewController.swift in Sources */,
				8441C1ED214406FF00EBB167 /* ToDoViewController.swift in Sources */,
				840669D7214FCE3800903798 /* Category.swift in Sources */,
				840669D9214FD16D00903798 /* Item.swift in Sources */,
				841D1D2E21529B5200A16D00 /* SwipeTableViewController.swift in Sources */,
				8441C1EB214406FF00EBB167 /* AppDelegate.swift in Sources */,
			);
			runOnlyForDeploymentPostprocessing = 0;
		};
/* End PBXSourcesBuildPhase section */

/* Begin PBXVariantGroup section */
		8441C1EE214406FF00EBB167 /* Main.storyboard */ = {
			isa = PBXVariantGroup;
			children = (
				8441C1EF214406FF00EBB167 /* Base */,
			);
			name = Main.storyboard;
			sourceTree = "<group>";
		};
		8441C1F32144072200EBB167 /* LaunchScreen.storyboard */ = {
			isa = PBXVariantGroup;
			children = (
				8441C1F42144072200EBB167 /* Base */,
			);
			name = LaunchScreen.storyboard;
			sourceTree = "<group>";
		};
/* End PBXVariantGroup section */

/* Begin XCBuildConfiguration section */
		8441C1F72144072200EBB167 /* Debug */ = {
			isa = XCBuildConfiguration;
			buildSettings = {
				ALWAYS_SEARCH_USER_PATHS = NO;
				CLANG_ANALYZER_NONNULL = YES;
				CLANG_ANALYZER_NUMBER_OBJECT_CONVERSION = YES_AGGRESSIVE;
				CLANG_CXX_LANGUAGE_STANDARD = "gnu++14";
				CLANG_CXX_LIBRARY = "libc++";
				CLANG_ENABLE_MODULES = YES;
				CLANG_ENABLE_OBJC_ARC = YES;
				CLANG_ENABLE_OBJC_WEAK = YES;
				CLANG_WARN_BLOCK_CAPTURE_AUTORELEASING = YES;
				CLANG_WARN_BOOL_CONVERSION = YES;
				CLANG_WARN_COMMA = YES;
				CLANG_WARN_CONSTANT_CONVERSION = YES;
				CLANG_WARN_DEPRECATED_OBJC_IMPLEMENTATIONS = YES;
				CLANG_WARN_DIRECT_OBJC_ISA_USAGE = YES_ERROR;
				CLANG_WARN_DOCUMENTATION_COMMENTS = YES;
				CLANG_WARN_EMPTY_BODY = YES;
				CLANG_WARN_ENUM_CONVERSION = YES;
				CLANG_WARN_INFINITE_RECURSION = YES;
				CLANG_WARN_INT_CONVERSION = YES;
				CLANG_WARN_NON_LITERAL_NULL_CONVERSION = YES;
				CLANG_WARN_OBJC_IMPLICIT_RETAIN_SELF = YES;
				CLANG_WARN_OBJC_LITERAL_CONVERSION = YES;
				CLANG_WARN_OBJC_ROOT_CLASS = YES_ERROR;
				CLANG_WARN_RANGE_LOOP_ANALYSIS = YES;
				CLANG_WARN_STRICT_PROTOTYPES = YES;
				CLANG_WARN_SUSPICIOUS_MOVE = YES;
				CLANG_WARN_UNGUARDED_AVAILABILITY = YES_AGGRESSIVE;
				CLANG_WARN_UNREACHABLE_CODE = YES;
				CLANG_WARN__DUPLICATE_METHOD_MATCH = YES;
				CODE_SIGN_IDENTITY = "iPhone Developer";
				COPY_PHASE_STRIP = NO;
				DEBUG_INFORMATION_FORMAT = dwarf;
				ENABLE_STRICT_OBJC_MSGSEND = YES;
				ENABLE_TESTABILITY = YES;
				GCC_C_LANGUAGE_STANDARD = gnu11;
				GCC_DYNAMIC_NO_PIC = NO;
				GCC_NO_COMMON_BLOCKS = YES;
				GCC_OPTIMIZATION_LEVEL = 0;
				GCC_PREPROCESSOR_DEFINITIONS = (
					"DEBUG=1",
					"$(inherited)",
				);
				GCC_WARN_64_TO_32_BIT_CONVERSION = YES;
				GCC_WARN_ABOUT_RETURN_TYPE = YES_ERROR;
				GCC_WARN_UNDECLARED_SELECTOR = YES;
				GCC_WARN_UNINITIALIZED_AUTOS = YES_AGGRESSIVE;
				GCC_WARN_UNUSED_FUNCTION = YES;
				GCC_WARN_UNUSED_VARIABLE = YES;
				IPHONEOS_DEPLOYMENT_TARGET = 12.0;
				MTL_ENABLE_DEBUG_INFO = INCLUDE_SOURCE;
				MTL_FAST_MATH = YES;
				ONLY_ACTIVE_ARCH = YES;
				SDKROOT = iphoneos;
				SWIFT_ACTIVE_COMPILATION_CONDITIONS = DEBUG;
				SWIFT_OPTIMIZATION_LEVEL = "-Onone";
			};
			name = Debug;
		};
		8441C1F82144072200EBB167 /* Release */ = {
			isa = XCBuildConfiguration;
			buildSettings = {
				ALWAYS_SEARCH_USER_PATHS = NO;
				CLANG_ANALYZER_NONNULL = YES;
				CLANG_ANALYZER_NUMBER_OBJECT_CONVERSION = YES_AGGRESSIVE;
				CLANG_CXX_LANGUAGE_STANDARD = "gnu++14";
				CLANG_CXX_LIBRARY = "libc++";
				CLANG_ENABLE_MODULES = YES;
				CLANG_ENABLE_OBJC_ARC = YES;
				CLANG_ENABLE_OBJC_WEAK = YES;
				CLANG_WARN_BLOCK_CAPTURE_AUTORELEASING = YES;
				CLANG_WARN_BOOL_CONVERSION = YES;
				CLANG_WARN_COMMA = YES;
				CLANG_WARN_CONSTANT_CONVERSION = YES;
				CLANG_WARN_DEPRECATED_OBJC_IMPLEMENTATIONS = YES;
				CLANG_WARN_DIRECT_OBJC_ISA_USAGE = YES_ERROR;
				CLANG_WARN_DOCUMENTATION_COMMENTS = YES;
				CLANG_WARN_EMPTY_BODY = YES;
				CLANG_WARN_ENUM_CONVERSION = YES;
				CLANG_WARN_INFINITE_RECURSION = YES;
				CLANG_WARN_INT_CONVERSION = YES;
				CLANG_WARN_NON_LITERAL_NULL_CONVERSION = YES;
				CLANG_WARN_OBJC_IMPLICIT_RETAIN_SELF = YES;
				CLANG_WARN_OBJC_LITERAL_CONVERSION = YES;
				CLANG_WARN_OBJC_ROOT_CLASS = YES_ERROR;
				CLANG_WARN_RANGE_LOOP_ANALYSIS = YES;
				CLANG_WARN_STRICT_PROTOTYPES = YES;
				CLANG_WARN_SUSPICIOUS_MOVE = YES;
				CLANG_WARN_UNGUARDED_AVAILABILITY = YES_AGGRESSIVE;
				CLANG_WARN_UNREACHABLE_CODE = YES;
				CLANG_WARN__DUPLICATE_METHOD_MATCH = YES;
				CODE_SIGN_IDENTITY = "iPhone Developer";
				COPY_PHASE_STRIP = NO;
				DEBUG_INFORMATION_FORMAT = "dwarf-with-dsym";
				ENABLE_NS_ASSERTIONS = NO;
				ENABLE_STRICT_OBJC_MSGSEND = YES;
				GCC_C_LANGUAGE_STANDARD = gnu11;
				GCC_NO_COMMON_BLOCKS = YES;
				GCC_WARN_64_TO_32_BIT_CONVERSION = YES;
				GCC_WARN_ABOUT_RETURN_TYPE = YES_ERROR;
				GCC_WARN_UNDECLARED_SELECTOR = YES;
				GCC_WARN_UNINITIALIZED_AUTOS = YES_AGGRESSIVE;
				GCC_WARN_UNUSED_FUNCTION = YES;
				GCC_WARN_UNUSED_VARIABLE = YES;
				IPHONEOS_DEPLOYMENT_TARGET = 12.0;
				MTL_ENABLE_DEBUG_INFO = NO;
				MTL_FAST_MATH = YES;
				SDKROOT = iphoneos;
				SWIFT_COMPILATION_MODE = wholemodule;
				SWIFT_OPTIMIZATION_LEVEL = "-O";
				VALIDATE_PRODUCT = YES;
			};
			name = Release;
		};
		8441C1FA2144072200EBB167 /* Debug */ = {
			isa = XCBuildConfiguration;
			baseConfigurationReference = 8BA6326DA4DE7DFB880F24B2 /* Pods-ToDoApp.debug.xcconfig */;
			buildSettings = {
				ASSETCATALOG_COMPILER_APPICON_NAME = AppIcon;
				CODE_SIGN_STYLE = Automatic;
				DEVELOPMENT_TEAM = NX565SC9U7;
				INFOPLIST_FILE = ToDoApp/Info.plist;
				IPHONEOS_DEPLOYMENT_TARGET = 11.4;
				LD_RUNPATH_SEARCH_PATHS = (
					"$(inherited)",
					"@executable_path/Frameworks",
				);
				PRODUCT_BUNDLE_IDENTIFIER = ronyquail.ToDoApp;
				PRODUCT_NAME = "$(TARGET_NAME)";
				SWIFT_VERSION = 4.2;
				TARGETED_DEVICE_FAMILY = "1,2";
			};
			name = Debug;
		};
		8441C1FB2144072200EBB167 /* Release */ = {
			isa = XCBuildConfiguration;
			baseConfigurationReference = EF8A237B21ABFA09C73EB0D5 /* Pods-ToDoApp.release.xcconfig */;
			buildSettings = {
				ASSETCATALOG_COMPILER_APPICON_NAME = AppIcon;
				CODE_SIGN_STYLE = Automatic;
				DEVELOPMENT_TEAM = NX565SC9U7;
				INFOPLIST_FILE = ToDoApp/Info.plist;
				IPHONEOS_DEPLOYMENT_TARGET = 11.4;
				LD_RUNPATH_SEARCH_PATHS = (
					"$(inherited)",
					"@executable_path/Frameworks",
				);
				PRODUCT_BUNDLE_IDENTIFIER = ronyquail.ToDoApp;
				PRODUCT_NAME = "$(TARGET_NAME)";
				SWIFT_VERSION = 4.2;
				TARGETED_DEVICE_FAMILY = "1,2";
			};
			name = Release;
		};
/* End XCBuildConfiguration section */

/* Begin XCConfigurationList section */
		8441C1E2214406FE00EBB167 /* Build configuration list for PBXProject "ToDoApp" */ = {
			isa = XCConfigurationList;
			buildConfigurations = (
				8441C1F72144072200EBB167 /* Debug */,
				8441C1F82144072200EBB167 /* Release */,
			);
			defaultConfigurationIsVisible = 0;
			defaultConfigurationName = Release;
		};
		8441C1F92144072200EBB167 /* Build configuration list for PBXNativeTarget "ToDoApp" */ = {
			isa = XCConfigurationList;
			buildConfigurations = (
				8441C1FA2144072200EBB167 /* Debug */,
				8441C1FB2144072200EBB167 /* Release */,
			);
			defaultConfigurationIsVisible = 0;
			defaultConfigurationName = Release;
		};
/* End XCConfigurationList section */
	};
	rootObject = 8441C1DF214406FE00EBB167 /* Project object */;
}
